github.com/aws/aws-sdk-go-v2 v1.43.3 h1:XJIcfv8uDs2ukdQsoAC8/Ebu1ejxwzlayl2ZsiFns2A=
github.com/aws/aws-sdk-go-v2 v1.43.3/go.mod h1:70vwSy16txshwG+g55WkpgPKDIByzHI8ccBsOteo3bQ=
github.com/aws/aws-sdk-go-v2/config v1.32.34 h1:o+YAizrX562nEZXaB38uYTK8RvIsvW0uuRP+e5e0Pfk=
github.com/aws/aws-sdk-go-v2/config v1.32.34/go.mod h1:wc0zYRChOniiufvdWiRVf3jgXSgbkvaD683IHHHc2ZQ=
github.com/aws/aws-sdk-go-v2/credentials v1.19.33 h1:/e5V3EWfeDiW6cuRxHsC8gbwko4/vvVYPJR2afBKFFY=
github.com/aws/aws-sdk-go-v2/credentials v1.19.33/go.mod h1:ZxAmkcyOM9beY/WO9oxp2oVPXiP3rq5N1/p4NbenJdE=
github.com/aws/aws-sdk-go-v2/feature/ec2/imds v1.18.34 h1:1EsGke6rTD2CG3j2MMVB77n6Q+FlbQWYI/dFdLWBNtM=
github.com/aws/aws-sdk-go-v2/feature/ec2/imds v1.18.34/go.mod h1:5B1Z/QbaWzqoWRzYxZfmCbDDRcvUHcfAIQw/S+KfDmc=
github.com/aws/aws-sdk-go-v2/internal/configsources v1.4.34 h1:vuIfjzoeqhQMGJyOBU3t0ZEjn2jrN8Bbg1N4CgjzM5Q=
github.com/aws/aws-sdk-go-v2/internal/configsources v1.4.34/go.mod h1:hP28cN4CPJLZHirdQPrZR50JcLN4ApRJP2tzG8cRlhY=
github.com/aws/aws-sdk-go-v2/internal/endpoints/v2 v2.7.34 h1:9faHsnqxJ1vDvB4wMZy/ajIDyz5QhllQjjc72RJpXAw=
github.com/aws/aws-sdk-go-v2/internal/endpoints/v2 v2.7.34/go.mod h1:Yp6nIyejpa23nzlB/LhT63KTla9Jdi06nv/HH/OkAH8=
github.com/aws/aws-sdk-go-v2/internal/v4a v1.4.35 h1:Oe8gMKJLO5awqpa5EhAGKVnBv1s+brdWVuxM2mDa7zA=
github.com/aws/aws-sdk-go-v2/internal/v4a v1.4.35/go.mod h1:FZevcG9cOST/FWAAUhHIchjR9fXFXFRCWodOhx+PDLA=
github.com/aws/aws-sdk-go-v2/service/internal/accept-encoding v1.13.15 h1:JJLBQxwY+AFwuPAi5ivGc1ChnTdUt4cXMv7e76m2c/Y=
github.com/aws/aws-sdk-go-v2/service/internal/accept-encoding v1.13.15/go.mod h1:lQknBIe78MVL0cQOQDlag8KGflMbMEVFx9mB6O8ENvk=
github.com/aws/aws-sdk-go-v2/service/internal/presigned-url v1.13.34 h1:sYg4qHWLqsjp15PzX7XCOHSOgKEGoZ5vQY43VvZ1pas=
github.com/aws/aws-sdk-go-v2/service/internal/presigned-url v1.13.34/go.mod h1:N58SSz3roKf1HzW5qRaOiyk6MbDLTKgLPvlTfJ90iyI=
github.com/aws/aws-sdk-go-v2/service/signin v1.5.3 h1:togAtAmgV5IGMnQDuBDJeM8z5Y5RN6G7xeOgphWz+Yc=
github.com/aws/aws-sdk-go-v2/service/signin v1.5.3/go.mod h1:T7xKUUUvN7W3RW8UmMvKnD12xqh+Ux2gCPHPhnt64Dg=
github.com/aws/aws-sdk-go-v2/service/sso v1.33.3 h1:YjH64OUytnWZBHUtM9GMyi4ZWBiSQdEJkZuPykOIe44=
github.com/aws/aws-sdk-go-v2/service/sso v1.33.3/go.mod h1:5qoHcDZDTSJotoKk1bvVRPv1MXaL/NhfY9ng8D1g/ig=
github.com/aws/aws-sdk-go-v2/service/ssooidc v1.38.3 h1:A4o1di/XGaqtw6r3toSBrFX2U7mVSLqg7jo9wL4I+cU=
github.com/aws/aws-sdk-go-v2/service/ssooidc v1.38.3/go.mod h1:sKuKz2kHtrGVtFu34vbM3LWSA9CKD9YZUmm6e5PPqRA=
github.com/aws/aws-sdk-go-v2/service/sts v1.45.3 h1:Fi7+DiKN1+QphlajvE6FqeZ8GRbnnRul7zTdUiRpbGc=
github.com/aws/aws-sdk-go-v2/service/sts v1.45.3/go.mod h1:KCc3e27fHZUGtzpek7wZcp6dyCpGkJJo/+3PBujh/yU=
github.com/aws/smithy-go v1.27.6 h1:0zjT8jgK3jbrTT7JJ3EE6JsMhX8JTrZ+f1sEndYDXrA=
github.com/aws/smithy-go v1.27.6/go.mod h1:YE2RhdIuDbA5E5bTdciG9KrW3+TiEONeUWCqxX9i1Fc=
github.com/beorn7/perks v1.0.1 h1:VlbKKnNfV8bJzeqoa4cOKqO6bYr3WgKZxO8Z16+hsOM=
github.com/beorn7/perks v1.0.1/go.mod h1:G2ZrVWU2WbWT9wwq4/hrbKbnv/1ERSJQ0ibhJ6rlkpw=
github.com/cespare/xxhash/v2 v2.3.0 h1:UL815xU9SqsFlibzuggzjXhog7bL6oX9BbNZnL2UFvs=
github.com/cespare/xxhash/v2 v2.3.0/go.mod h1:VGX0DQ3Q6kWi7AoAeZDth3/j3BFtOZR5XLFGgcrjCOs=
github.com/golang-jwt/jwt/v5 v5.3.1 h1:kYf81DTWFe7t+1VvL7eS+jKFVWaUnK9cB1qbwn63YCY=
github.com/golang-jwt/jwt/v5 v5.3.1/go.mod h1:fxCRLWMO43lRc8nhHWY6LGqRcf+1gQWArsqaEUEa5bE=
github.com/google/go-cmp v0.7.0 h1:wk8382ETsv4JYUZwIsn6YpYiWiBsYLSJiTsyBybVuN8=
github.com/google/go-cmp v0.7.0/go.mod h1:pXiqmnSA92OHEEa9HXL2W4E7lf9JzCmGVUdgjX3N/iU=
github.com/google/uuid v1.6.0 h1:NIvaJDMOsjHA8n1jAhLSgzrAzy1Hgr+hNrb57e+94F0=
github.com/google/uuid v1.6.0/go.mod h1:TIyPZe4MgqvfeYDBFedMoGGpEw/LqOeaOT+nhxU+yHo=
github.com/jpillora/backoff v1.0.0 h1:uvFg412JmmHBHw7iwprIxkPMI+sGQ4kzOWsMeHnm2EA=
github.com/jpillora/backoff v1.0.0/go.mod h1:J/6gKK9jxlEcS3zixgDgUAsiuZ7yrSoa/FX5e0EB2j4=
github.com/munnerz/goautoneg v0.0.0-20191010083416-a7dc8b61c822 h1:C3w9PqII01/Oq1c1nUAm88MOHcQC9l5mIlSMApZMrHA=
github.com/munnerz/goautoneg v0.0.0-20191010083416-a7dc8b61c822/go.mod h1:+n7T8mK8HuQTcFwEeznm/DIxMOiR9yIdICNftLE1DvQ=
github.com/mwitkow/go-conntrack v0.0.0-20190716064945-2f068394615f h1:KUppIJq7/+SVif2QVs3tOP0zanoHgBEVAwHxUSIzRqU=
github.com/mwitkow/go-conntrack v0.0.0-20190716064945-2f068394615f/go.mod h1:qRWi+5nqEBWmkhHvq77mSJWrCKwh8bxhgT7d/eI7P4U=
github.com/prometheus/client_golang v1.23.2 h1:Je96obch5RDVy3FDMndoUsjAhG5Edi49h0RJWRi/o0o=
github.com/prometheus/client_golang v1.23.2/go.mod h1:Tb1a6LWHB3/SPIzCoaDXI4I8UHKeFTEQ1YCr+0Gyqmg=
github.com/prometheus/client_model v0.6.2 h1:oBsgwpGs7iVziMvrGhE53c/GrLUsZdHnqNwqPLxwZyk=
github.com/prometheus/client_model v0.6.2/go.mod h1:y3m2F6Gdpfy6Ut/GBsUqTWZqCUvMVzSfMLjcu6wAwpE=
github.com/prometheus/common v0.70.1 h1:1HvjP4D5oL3t8RsPlwxA9onvvStjtIHYE5XuuwOi/PY=
github.com/prometheus/common v0.70.1/go.mod h1:VdFUQDMZK3VLkurFUVhia6uys/0suUp86TJz5qbJRhc=
github.com/prometheus/procfs v0.21.0 h1:Qh/e6TlBjZf+XLLqNCqFGmCU6Kj/2Bu7kj3oAc0UnXc=
github.com/prometheus/procfs v0.21.0/go.mod h1:aB55Cww9pdSJVHk0hUf0inxWyyjPogFIjmHKYgMKmtY=
github.com/stretchr/testify v1.12.1 h1:EuwCh5fleGS7H32xRwO3wRGT7DxrDhLAT6FF8MpWDWE=
github.com/stretchr/testify v1.12.1/go.mod h1:MDEgiDPPsNp5cuIrHPPCyornHKgEVbtFUmoNlxoYthg=
go.uber.org/goleak v1.3.0 h1:2K3zAYmnTNqV73imy9J1T3WC+gmCePx2hEGkimedGto=
go.uber.org/goleak v1.3.0/go.mod h1:CoHD4mav9JJNrW/WLlf7HGZPjdw8EucARQHekz1X6bE=
go.yaml.in/yaml/v2 v2.4.4 h1:tuyd0P+2Ont/d6e2rl3be67goVK4R6deVxCUX5vyPaQ=
go.yaml.in/yaml/v2 v2.4.4/go.mod h1:gMZqIpDtDqOfM0uNfy0SkpRhvUryYH0Z6wdMYcacYXQ=
go.yaml.in/yaml/v3 v3.0.5 h1:N6y/pJk8buWs9NY5ERU2HSMfm+IuD/OtfdAnq6kESPw=
go.yaml.in/yaml/v3 v3.0.5/go.mod h1:HVTZu1O7/Vkt2N+BFy8Zza+lnLsABggaTM2ZpNIGuKg=
golang.org/x/net v0.57.0 h1:K5+3DljvIuDG9/Jv9rvyMywYNFCQ9RSUY6OOTTkT+tE=
golang.org/x/net v0.57.0/go.mod h1:KpXc8iv+r3XplLAG/f7Jsf9RPszJzdR0f58q9vGOuEU=
golang.org/x/oauth2 v0.36.0 h1:peZ/1z27fi9hUOFCAZaHyrpWG5lwe0RJEEEeH0ThlIs=
golang.org/x/oauth2 v0.36.0/go.mod h1:YDBUJMTkDnJS+A4BP4eZBjCqtokkg1hODuPjwiGPO7Q=
golang.org/x/sys v0.47.0 h1:o7XGOvZQCADBQQ4Y7VNq2dRWQR7JmOUW8Kxx4ZsNgWs=
golang.org/x/sys v0.47.0/go.mod h1:4GL1E5IUh+htKOUEOaiffhrAeqysfVGipDYzABqnCmw=
golang.org/x/text v0.40.0 h1:Ub2Z6/xjgF1WrYQz2nuITOEegKFtiIy+rieRJ5lHZKs=
golang.org/x/text v0.40.0/go.mod h1:hpnzDAfGV753zIKo+wk3u1bVKCGPbrnF7+7LBF/UHVY=
google.golang.org/protobuf v1.36.11 h1:fV6ZwhNocDyBLK0dj+fg8ektcVegBBuEolpbTQyBNVE=
google.golang.org/protobuf v1.36.11/go.mod h1:HTf+CrKn2C3g5S8VImy6tdcUvCska2kB7j23XfzDpco=
